
Microsoft Visual Studio Solution File, Format Version 12.00
# Visual Studio 15
VisualStudioVersion = 15.0.28010.2046
MinimumVisualStudioVersion = 10.0.40219.1
Project("{2150E333-8FDC-42A3-9474-1A3956D46DE8}") = "01-PRESENTACION", "01-PRESENTACION", "{5B8C891B-8C93-47B1-B6C8-A6F09059E78E}"
EndProject
Project("{2150E333-8FDC-42A3-9474-1A3956D46DE8}") = "02-NEGOCIO", "02-NEGOCIO", "{4BC82D11-6946-4ACE-9C05-FBD99A4CCFBD}"
EndProject
Project("{2150E333-8FDC-42A3-9474-1A3956D46DE8}") = "03-DATOS", "03-DATOS", "{BB81CFCF-7A97-436C-94A1-8C6912584F02}"
EndProject
Project("{2150E333-8FDC-42A3-9474-1A3956D46DE8}") = "04-ENTIDADES", "04-ENTIDADES", "{B5CAEF56-39AF-4F3A-A7BB-852E638AF31E}"
EndProject
Project("{FAE04EC0-301F-11D3-BF4B-00C04F79EFBC}") = "Entidades", "Entidades\Entidades.csproj", "{DE6F0CD1-9307-4937-8E01-FD027B587678}"
EndProject
Project("{FAE04EC0-301F-11D3-BF4B-00C04F79EFBC}") = "Datos", "Datos\Datos.csproj", "{4E0BAB2B-CC7C-4D47-AE22-B6418F690BAD}"
EndProject
Project("{FAE04EC0-301F-11D3-BF4B-00C04F79EFBC}") = "Negocio", "Negocio\Negocio.csproj", "{178CD86F-9860-48E4-8ED4-73B93AE34D62}"
EndProject
Project("{FAE04EC0-301F-11D3-BF4B-00C04F79EFBC}") = "WEB", "WEB\WEB.csproj", "{688634F7-D474-44D2-B4BB-A502E9BA5D12}"
	ProjectSection(ProjectDependencies) = postProject
		{4DD83E7C-669C-4663-A9C3-2149363BB692} = {4DD83E7C-669C-4663-A9C3-2149363BB692}
	EndProjectSection
EndProject
Project("{FAE04EC0-301F-11D3-BF4B-00C04F79EFBC}") = "WCF", "WCF\WCF.csproj", "{4DD83E7C-669C-4663-A9C3-2149363BB692}"
EndProject
Global
	GlobalSection(SolutionConfigurationPlatforms) = preSolution
		Debug|Any CPU = Debug|Any CPU
		Release|Any CPU = Release|Any CPU
	EndGlobalSection
	GlobalSection(ProjectConfigurationPlatforms) = postSolution
		{DE6F0CD1-9307-4937-8E01-FD027B587678}.Debug|Any CPU.ActiveCfg = Debug|Any CPU
		{DE6F0CD1-9307-4937-8E01-FD027B587678}.Debug|Any CPU.Build.0 = Debug|Any CPU
		{DE6F0CD1-9307-4937-8E01-FD027B587678}.Release|Any CPU.ActiveCfg = Release|Any CPU
		{DE6F0CD1-9307-4937-8E01-FD027B587678}.Release|Any CPU.Build.0 = Release|Any CPU
		{4E0BAB2B-CC7C-4D47-AE22-B6418F690BAD}.Debug|Any CPU.ActiveCfg = Debug|Any CPU
		{4E0BAB2B-CC7C-4D47-AE22-B6418F690BAD}.Debug|Any CPU.Build.0 = Debug|Any CPU
		{4E0BAB2B-CC7C-4D47-AE22-B6418F690BAD}.Release|Any CPU.ActiveCfg = Release|Any CPU
		{4E0BAB2B-CC7C-4D47-AE22-B6418F690BAD}.Release|Any CPU.Build.0 = Release|Any CPU
		{178CD86F-9860-48E4-8ED4-73B93AE34D62}.Debug|Any CPU.ActiveCfg = Debug|Any CPU
		{178CD86F-9860-48E4-8ED4-73B93AE34D62}.Debug|Any CPU.Build.0 = Debug|Any CPU
		{178CD86F-9860-48E4-8ED4-73B93AE34D62}.Release|Any CPU.ActiveCfg = Release|Any CPU
		{178CD86F-9860-48E4-8ED4-73B93AE34D62}.Release|Any CPU.Build.0 = Release|Any CPU
		{688634F7-D474-44D2-B4BB-A502E9BA5D12}.Debug|Any CPU.ActiveCfg = Debug|Any CPU
		{688634F7-D474-44D2-B4BB-A502E9BA5D12}.Debug|Any CPU.Build.0 = Debug|Any CPU
		{688634F7-D474-44D2-B4BB-A502E9BA5D12}.Release|Any CPU.ActiveCfg = Release|Any CPU
		{688634F7-D474-44D2-B4BB-A502E9BA5D12}.Release|Any CPU.Build.0 = Release|Any CPU
		{4DD83E7C-669C-4663-A9C3-2149363BB692}.Debug|Any CPU.ActiveCfg = Debug|Any CPU
		{4DD83E7C-669C-4663-A9C3-2149363BB692}.Debug|Any CPU.Build.0 = Debug|Any CPU
		{4DD83E7C-669C-4663-A9C3-2149363BB692}.Release|Any CPU.ActiveCfg = Release|Any CPU
		{4DD83E7C-669C-4663-A9C3-2149363BB692}.Release|Any CPU.Build.0 = Release|Any CPU
	EndGlobalSection
	GlobalSection(SolutionProperties) = preSolution
		HideSolutionNode = FALSE
	EndGlobalSection
	GlobalSection(NestedProjects) = preSolution
		{DE6F0CD1-9307-4937-8E01-FD027B587678} = {B5CAEF56-39AF-4F3A-A7BB-852E638AF31E}
		{4E0BAB2B-CC7C-4D47-AE22-B6418F690BAD} = {BB81CFCF-7A97-436C-94A1-8C6912584F02}
		{178CD86F-9860-48E4-8ED4-73B93AE34D62} = {4BC82D11-6946-4ACE-9C05-FBD99A4CCFBD}
		{688634F7-D474-44D2-B4BB-A502E9BA5D12} = {5B8C891B-8C93-47B1-B6C8-A6F09059E78E}
		{4DD83E7C-669C-4663-A9C3-2149363BB692} = {5B8C891B-8C93-47B1-B6C8-A6F09059E78E}
	EndGlobalSection
	GlobalSection(ExtensibilityGlobals) = postSolution
		SolutionGuid = {3805AC21-EB0A-4BA0-8286-84020D55A842}
	EndGlobalSection
EndGlobal
